
Microsoft Visual Studio Solution File, Format Version 12.00
# Visual Studio Version 17
VisualStudioVersion = 17.3.32825.248
MinimumVisualStudioVersion = 10.0.40219.1
Project("{8BC9CEB8-8B4A-11D0-8D11-00A0C91BC942}") = "Automats", "Automats\Automats.vcxproj", "{DD6100E1-B321-419B-9C2D-4096C75C0C8B}"
EndProject
Global
	GlobalSection(SolutionConfigurationPlatforms) = preSolution
		Debug|x64 = Debug|x64
		Debug|x86 = Debug|x86
		Release|x64 = Release|x64
		Release|x86 = Release|x86
	EndGlobalSection
	GlobalSection(ProjectConfigurationPlatforms) = postSolution
		{DD6100E1-B321-419B-9C2D-4096C75C0C8B}.Debug|x64.ActiveCfg = Debug|x64
		{DD6100E1-B321-419B-9C2D-4096C75C0C8B}.Debug|x64.Build.0 = Debug|x64
		{DD6100E1-B321-419B-9C2D-4096C75C0C8B}.Debug|x86.ActiveCfg = Debug|Win32
		{DD6100E1-B321-419B-9C2D-4096C75C0C8B}.Debug|x86.Build.0 = Debug|Win32
		{DD6100E1-B321-419B-9C2D-4096C75C0C8B}.Release|x64.ActiveCfg = Release|x64
		{DD6100E1-B321-419B-9C2D-4096C75C0C8B}.Release|x64.Build.0 = Release|x64
		{DD6100E1-B321-419B-9C2D-4096C75C0C8B}.Release|x86.ActiveCfg = Release|Win32
		{DD6100E1-B321-419B-9C2D-4096C75C0C8B}.Release|x86.Build.0 = Release|Win32
	EndGlobalSection
	GlobalSection(SolutionProperties) = preSolution
		HideSolutionNode = FALSE
	EndGlobalSection
	GlobalSection(ExtensibilityGlobals) = postSolution
		SolutionGuid = {6B2EF44A-CA5E-4E75-BCD7-43DE4CF99DF6}
	EndGlobalSection
EndGlobal
